
Microsoft Visual Studio Solution File, Format Version 12.00
# Visual Studio 15
VisualStudioVersion = 15.0.26403.7
MinimumVisualStudioVersion = 10.0.40219.1
Project("{FAE04EC0-301F-11D3-BF4B-00C04F79EFBC}") = "Hyper", "Hyper\Hyper.csproj", "{8826848D-8C03-430D-82EA-32AFF7064341}"
EndProject
Project("{54435603-DBB4-11D2-8724-00A0C9A8B90C}") = "Setup1", "Setup1\Setup1.vdproj", "{C77CCCAF-1D79-4693-98D2-46594A641BEE}"
EndProject
Global
	GlobalSection(SolutionConfigurationPlatforms) = preSolution
		Debug|Any CPU = Debug|Any CPU
		Release|Any CPU = Release|Any CPU
	EndGlobalSection
	GlobalSection(ProjectConfigurationPlatforms) = postSolution
		{8826848D-8C03-430D-82EA-32AFF7064341}.Debug|Any CPU.ActiveCfg = Debug|Any CPU
		{8826848D-8C03-430D-82EA-32AFF7064341}.Debug|Any CPU.Build.0 = Debug|Any CPU
		{8826848D-8C03-430D-82EA-32AFF7064341}.Release|Any CPU.ActiveCfg = Release|Any CPU
		{8826848D-8C03-430D-82EA-32AFF7064341}.Release|Any CPU.Build.0 = Release|Any CPU
		{C77CCCAF-1D79-4693-98D2-46594A641BEE}.Debug|Any CPU.ActiveCfg = Debug
		{C77CCCAF-1D79-4693-98D2-46594A641BEE}.Release|Any CPU.ActiveCfg = Release
	EndGlobalSection
	GlobalSection(SolutionProperties) = preSolution
		HideSolutionNode = FALSE
	EndGlobalSection
	GlobalSection(ExtensibilityGlobals) = postSolution
		SolutionGuid = {7927F491-9786-4E9F-A698-1E88257753EA}
	EndGlobalSection
EndGlobal
